
Microsoft Visual Studio Solution File, Format Version 12.00
# Visual Studio Version 17
VisualStudioVersion = 17.14.36221.1 d17.14
MinimumVisualStudioVersion = 10.0.40219.1
Project("{FAE04EC0-301F-11D3-BF4B-00C04F79EFBC}") = "oop1", "oop1\oop1.csproj", "{3AE24C5C-88C5-4B65-A25E-86D89D32B17B}"
EndProject
Project("{FAE04EC0-301F-11D3-BF4B-00C04F79EFBC}") = "demo", "demo\demo.csproj", "{C5EFA388-EA54-4FC7-AFFB-5CE977910FFF}"
EndProject
Project("{FAE04EC0-301F-11D3-BF4B-00C04F79EFBC}") = "assignment", "assignment\assignment.csproj", "{631CB0D3-E108-473F-97C4-A3192798400B}"
EndProject
Global
	GlobalSection(SolutionConfigurationPlatforms) = preSolution
		Debug|Any CPU = Debug|Any CPU
		Release|Any CPU = Release|Any CPU
	EndGlobalSection
	GlobalSection(ProjectConfigurationPlatforms) = postSolution
		{3AE24C5C-88C5-4B65-A25E-86D89D32B17B}.Debug|Any CPU.ActiveCfg = Debug|Any CPU
		{3AE24C5C-88C5-4B65-A25E-86D89D32B17B}.Debug|Any CPU.Build.0 = Debug|Any CPU
		{3AE24C5C-88C5-4B65-A25E-86D89D32B17B}.Release|Any CPU.ActiveCfg = Release|Any CPU
		{3AE24C5C-88C5-4B65-A25E-86D89D32B17B}.Release|Any CPU.Build.0 = Release|Any CPU
		{C5EFA388-EA54-4FC7-AFFB-5CE977910FFF}.Debug|Any CPU.ActiveCfg = Debug|Any CPU
		{C5EFA388-EA54-4FC7-AFFB-5CE977910FFF}.Debug|Any CPU.Build.0 = Debug|Any CPU
		{C5EFA388-EA54-4FC7-AFFB-5CE977910FFF}.Release|Any CPU.ActiveCfg = Release|Any CPU
		{C5EFA388-EA54-4FC7-AFFB-5CE977910FFF}.Release|Any CPU.Build.0 = Release|Any CPU
		{631CB0D3-E108-473F-97C4-A3192798400B}.Debug|Any CPU.ActiveCfg = Debug|Any CPU
		{631CB0D3-E108-473F-97C4-A3192798400B}.Debug|Any CPU.Build.0 = Debug|Any CPU
		{631CB0D3-E108-473F-97C4-A3192798400B}.Release|Any CPU.ActiveCfg = Release|Any CPU
		{631CB0D3-E108-473F-97C4-A3192798400B}.Release|Any CPU.Build.0 = Release|Any CPU
	EndGlobalSection
	GlobalSection(SolutionProperties) = preSolution
		HideSolutionNode = FALSE
	EndGlobalSection
	GlobalSection(ExtensibilityGlobals) = postSolution
		SolutionGuid = {A040C1E8-B76C-4595-BFDC-A28A3782CF75}
	EndGlobalSection
EndGlobal
